PATH
  remote: ../test_safety
  specs:
    test_safety (0.0.0)

PATH
  remote: .
  specs:
    profile (0.0.0)
      vernier (= 1.10.1)

GEM
  remote: https://rubygems.org/
  specs:
    drb (2.2.3)
    minitest (6.0.6)
      drb (~> 2.0)
      prism (~> 1.5)
    prism (1.9.0)
    vernier (1.10.1)

PLATFORMS
  arm64-darwin-25
  ruby

DEPENDENCIES
  minitest (= 6.0.6)
  profile!
  test_safety (= 0.0.0)!

CHECKSUMS
  drb (2.2.3) sha256=0b00d6fdb50995fe4a45dea13663493c841112e4068656854646f418fda13373
  minitest (6.0.6) sha256=153ea36d1d987a62942382b61075745042a2b3123b1cd48f4c3675af9cc7d6f1
  prism (1.9.0) sha256=7b530c6a9f92c24300014919c9dcbc055bf4cdf51ec30aed099b06cd6674ef85
  profile (0.0.0)
  test_safety (0.0.0)
  vernier (1.10.1) sha256=f2ab2e163b75ac3ef4e3173262d27d27da6219cf04b1b4a7171e4798114275ce

BUNDLED WITH
  4.0.16
