PATH
  remote: ../path
  specs:
    path (0.0.0)
      base64 (= 0.3.0)

PATH
  remote: .
  specs:
    link (0.0.0)
      addressable (= 2.9.0)
      path (= 0.0.0)
      uri (= 1.1.1)

GEM
  remote: https://rubygems.org/
  specs:
    addressable (2.9.0)
      public_suffix (>= 2.0.2, < 8.0)
    base64 (0.3.0)
    drb (2.2.3)
    minitest (6.0.6)
      drb (~> 2.0)
      prism (~> 1.5)
    prism (1.9.0)
    public_suffix (7.0.5)
    uri (1.1.1)

PLATFORMS
  arm64-darwin-24
  ruby

DEPENDENCIES
  link!
  minitest (= 6.0.6)
  path (= 0.0.0)!

CHECKSUMS
  addressable (2.9.0) sha256=7fdf6ac3660f7f4e867a0838be3f6cf722ace541dd97767fa42bc6cfa980c7af
  base64 (0.3.0) sha256=27337aeabad6ffae05c265c450490628ef3ebd4b67be58257393227588f5a97b
  drb (2.2.3) sha256=0b00d6fdb50995fe4a45dea13663493c841112e4068656854646f418fda13373
  link (0.0.0)
  minitest (6.0.6) sha256=153ea36d1d987a62942382b61075745042a2b3123b1cd48f4c3675af9cc7d6f1
  path (0.0.0)
  prism (1.9.0) sha256=7b530c6a9f92c24300014919c9dcbc055bf4cdf51ec30aed099b06cd6674ef85
  public_suffix (7.0.5) sha256=1a8bb08f1bbea19228d3bed6e5ed908d1cb4f7c2726d18bd9cadf60bc676f623
  uri (1.1.1) sha256=379fa58d27ffb1387eaada68c749d1426738bd0f654d812fcc07e7568f5c57c6

BUNDLED WITH
  4.0.16
